// !$*UTF8*$!
{
	archiveVersion = 1;
	classes = {
	};
	objectVersion = 46;
	objects = {

/* Begin PBXBuildFile section */
		1AF6E05D16E7B41A009E6C93 /* Default-568h@2x.png in Resources */ = {isa = PBXBuildFile; fileRef = 1AF6E05C16E7B41A009E6C93 /* Default-568h@2x.png */; };
		F2699A6D15C942AF002EDEC5 /* OpenGLES.framework in Frameworks */ = {isa = PBXBuildFile; fileRef = F2699A6C15C942AF002EDEC5 /* OpenGLES.framework */; };
		F2699A7015C942B4002EDEC5 /* CoreImage.framework in Frameworks */ = {isa = PBXBuildFile; fileRef = F2699A6F15C942B4002EDEC5 /* CoreImage.framework */; };
		F2DE033515AB7F5D0057BCB7 /* UIKit.framework in Frameworks */ = {isa = PBXBuildFile; fileRef = F2DE033415AB7F5D0057BCB7 /* UIKit.framework */; };
		F2DE033715AB7F5D0057BCB7 /* Foundation.framework in Frameworks */ = {isa = PBXBuildFile; fileRef = F2DE033615AB7F5D0057BCB7 /* Foundation.framework */; };
		F2DE033915AB7F5D0057BCB7 /* CoreGraphics.framework in Frameworks */ = {isa = PBXBuildFile; fileRef = F2DE033815AB7F5D0057BCB7 /* CoreGraphics.framework */; };
		F2DE033F15AB7F5D0057BCB7 /* InfoPlist.strings in Resources */ = {isa = PBXBuildFile; fileRef = F2DE033D15AB7F5D0057BCB7 /* InfoPlist.strings */; };
		F2DE034115AB7F5D0057BCB7 /* main.m in Sources */ = {isa = PBXBuildFile; fileRef = F2DE034015AB7F5D0057BCB7 /* main.m */; };
		F2DE034515AB7F5D0057BCB7 /* AppDelegate.m in Sources */ = {isa = PBXBuildFile; fileRef = F2DE034415AB7F5D0057BCB7 /* AppDelegate.m */; };
		F2DE034815AB7F5D0057BCB7 /* ViewController.m in Sources */ = {isa = PBXBuildFile; fileRef = F2DE034715AB7F5D0057BCB7 /* ViewController.m */; };
		F2DE034B15AB7F5D0057BCB7 /* ViewController.xib in Resources */ = {isa = PBXBuildFile; fileRef = F2DE034915AB7F5D0057BCB7 /* ViewController.xib */; };
		F2DE035215AB82B50057BCB7 /* hubble.png in Resources */ = {isa = PBXBuildFile; fileRef = F2DE035115AB82B50057BCB7 /* hubble.png */; };
/* End PBXBuildFile section */

/* Begin PBXFileReference section */
		1AF6E05C16E7B41A009E6C93 /* Default-568h@2x.png */ = {isa = PBXFileReference; lastKnownFileType = image.png; path = "Default-568h@2x.png"; sourceTree = "<group>"; };
		F2699A6C15C942AF002EDEC5 /* OpenGLES.framework */ = {isa = PBXFileReference; lastKnownFileType = wrapper.framework; name = OpenGLES.framework; path = System/Library/Frameworks/OpenGLES.framework; sourceTree = SDKROOT; };
		F2699A6F15C942B4002EDEC5 /* CoreImage.framework */ = {isa = PBXFileReference; lastKnownFileType = wrapper.framework; name = CoreImage.framework; path = System/Library/Frameworks/CoreImage.framework; sourceTree = SDKROOT; };
		F2DE033015AB7F5D0057BCB7 /* SingleUIImageProject.app */ = {isa = PBXFileReference; explicitFileType = wrapper.application; includeInIndex = 0; path = SingleUIImageProject.app; sourceTree = BUILT_PRODUCTS_DIR; };
		F2DE033415AB7F5D0057BCB7 /* UIKit.framework */ = {isa = PBXFileReference; lastKnownFileType = wrapper.framework; name = UIKit.framework; path = System/Library/Frameworks/UIKit.framework; sourceTree = SDKROOT; };
		F2DE033615AB7F5D0057BCB7 /* Foundation.framework */ = {isa = PBXFileReference; lastKnownFileType = wrapper.framework; name = Foundation.framework; path = System/Library/Frameworks/Foundation.framework; sourceTree = SDKROOT; };
		F2DE033815AB7F5D0057BCB7 /* CoreGraphics.framework */ = {isa = PBXFileReference; lastKnownFileType = wrapper.framework; name = CoreGraphics.framework; path = System/Library/Frameworks/CoreGraphics.framework; sourceTree = SDKROOT; };
		F2DE033C15AB7F5D0057BCB7 /* SingleUIImageProject-Info.plist */ = {isa = PBXFileReference; lastKnownFileType = text.plist.xml; path = "SingleUIImageProject-Info.plist"; sourceTree = "<group>"; };
		F2DE033E15AB7F5D0057BCB7 /* en */ = {isa = PBXFileReference; lastKnownFileType = text.plist.strings; name = en; path = en.lproj/InfoPlist.strings; sourceTree = "<group>"; };
		F2DE034015AB7F5D0057BCB7 /* main.m */ = {isa = PBXFileReference; lastKnownFileType = sourcecode.c.objc; path = main.m; sourceTree = "<group>"; };
		F2DE034215AB7F5D0057BCB7 /* SingleUIImageProject-Prefix.pch */ = {isa = PBXFileReference; lastKnownFileType = sourcecode.c.h; path = "SingleUIImageProject-Prefix.pch"; sourceTree = "<group>"; };
		F2DE034315AB7F5D0057BCB7 /* AppDelegate.h */ = {isa = PBXFileReference; lastKnownFileType = sourcecode.c.h; path = AppDelegate.h; sourceTree = "<group>"; };
		F2DE034415AB7F5D0057BCB7 /* AppDelegate.m */ = {isa = PBXFileReference; lastKnownFileType = sourcecode.c.objc; path = AppDelegate.m; sourceTree = "<group>"; };
		F2DE034615AB7F5D0057BCB7 /* ViewController.h */ = {isa = PBXFileReference; lastKnownFileType = sourcecode.c.h; path = ViewController.h; sourceTree = "<group>"; };
		F2DE034715AB7F5D0057BCB7 /* ViewController.m */ = {isa = PBXFileReference; lastKnownFileType = sourcecode.c.objc; path = ViewController.m; sourceTree = "<group>"; };
		F2DE034A15AB7F5D0057BCB7 /* en */ = {isa = PBXFileReference; lastKnownFileType = file.xib; name = en; path = en.lproj/ViewController.xib; sourceTree = "<group>"; };
		F2DE035115AB82B50057BCB7 /* hubble.png */ = {isa = PBXFileReference; lastKnownFileType = image.png; path = hubble.png; sourceTree = "<group>"; };
/* End PBXFileReference section */

/* Begin PBXFrameworksBuildPhase section */
		F2DE032D15AB7F5D0057BCB7 /* Frameworks */ = {
			isa = PBXFrameworksBuildPhase;
			buildActionMask = 2147483647;
			files = (
				F2699A7015C942B4002EDEC5 /* CoreImage.framework in Frameworks */,
				F2699A6D15C942AF002EDEC5 /* OpenGLES.framework in Frameworks */,
				F2DE033515AB7F5D0057BCB7 /* UIKit.framework in Frameworks */,
				F2DE033715AB7F5D0057BCB7 /* Foundation.framework in Frameworks */,
				F2DE033915AB7F5D0057BCB7 /* CoreGraphics.framework in Frameworks */,
			);
			runOnlyForDeploymentPostprocessing = 0;
		};
/* End PBXFrameworksBuildPhase section */

/* Begin PBXGroup section */
		F2DE032515AB7F5D0057BCB7 = {
			isa = PBXGroup;
			children = (
				1AF6E05C16E7B41A009E6C93 /* Default-568h@2x.png */,
				F2DE033A15AB7F5D0057BCB7 /* SingleUIImageProject */,
				F2DE033315AB7F5D0057BCB7 /* Frameworks */,
				F2DE033115AB7F5D0057BCB7 /* Products */,
			);
			sourceTree = "<group>";
		};
		F2DE033115AB7F5D0057BCB7 /* Products */ = {
			isa = PBXGroup;
			children = (
				F2DE033015AB7F5D0057BCB7 /* SingleUIImageProject.app */,
			);
			name = Products;
			sourceTree = "<group>";
		};
		F2DE033315AB7F5D0057BCB7 /* Frameworks */ = {
			isa = PBXGroup;
			children = (
				F2699A6F15C942B4002EDEC5 /* CoreImage.framework */,
				F2699A6C15C942AF002EDEC5 /* OpenGLES.framework */,
				F2DE033415AB7F5D0057BCB7 /* UIKit.framework */,
				F2DE033615AB7F5D0057BCB7 /* Foundation.framework */,
				F2DE033815AB7F5D0057BCB7 /* CoreGraphics.framework */,
			);
			name = Frameworks;
			sourceTree = "<group>";
		};
		F2DE033A15AB7F5D0057BCB7 /* SingleUIImageProject */ = {
			isa = PBXGroup;
			children = (
				F2DE034315AB7F5D0057BCB7 /* AppDelegate.h */,
				F2DE034415AB7F5D0057BCB7 /* AppDelegate.m */,
				F2DE034615AB7F5D0057BCB7 /* ViewController.h */,
				F2DE034715AB7F5D0057BCB7 /* ViewController.m */,
				F2DE034915AB7F5D0057BCB7 /* ViewController.xib */,
				F2DE033B15AB7F5D0057BCB7 /* Supporting Files */,
			);
			path = SingleUIImageProject;
			sourceTree = "<group>";
		};
		F2DE033B15AB7F5D0057BCB7 /* Supporting Files */ = {
			isa = PBXGroup;
			children = (
				F2DE035115AB82B50057BCB7 /* hubble.png */,
				F2DE033C15AB7F5D0057BCB7 /* SingleUIImageProject-Info.plist */,
				F2DE033D15AB7F5D0057BCB7 /* InfoPlist.strings */,
				F2DE034015AB7F5D0057BCB7 /* main.m */,
				F2DE034215AB7F5D0057BCB7 /* SingleUIImageProject-Prefix.pch */,
			);
			name = "Supporting Files";
			sourceTree = "<group>";
		};
/* End PBXGroup section */

/* Begin PBXNativeTarget section */
		F2DE032F15AB7F5D0057BCB7 /* SingleUIImageProject */ = {
			isa = PBXNativeTarget;
			buildConfigurationList = F2DE034E15AB7F5D0057BCB7 /* Build configuration list for PBXNativeTarget "SingleUIImageProject" */;
			buildPhases = (
				F2DE032C15AB7F5D0057BCB7 /* Sources */,
				F2DE032D15AB7F5D0057BCB7 /* Frameworks */,
				F2DE032E15AB7F5D0057BCB7 /* Resources */,
			);
			buildRules = (
			);
			dependencies = (
			);
			name = SingleUIImageProject;
			productName = SingleUIImageProject;
			productReference = F2DE033015AB7F5D0057BCB7 /* SingleUIImageProject.app */;
			productType = "com.apple.product-type.application";
		};
/* End PBXNativeTarget section */

/* Begin PBXProject section */
		F2DE032715AB7F5D0057BCB7 /* Project object */ = {
			isa = PBXProject;
			attributes = {
				LastUpgradeCheck = 0450;
				ORGANIZATIONNAME = "Jake Gundersen";
			};
			buildConfigurationList = F2DE032A15AB7F5D0057BCB7 /* Build configuration list for PBXProject "SingleUIImageProject" */;
			compatibilityVersion = "Xcode 3.2";
			developmentRegion = English;
			hasScannedForEncodings = 0;
			knownRegions = (
				en,
			);
			mainGroup = F2DE032515AB7F5D0057BCB7;
			productRefGroup = F2DE033115AB7F5D0057BCB7 /* Products */;
			projectDirPath = "";
			projectRoot = "";
			targets = (
				F2DE032F15AB7F5D0057BCB7 /* SingleUIImageProject */,
			);
		};
/* End PBXProject section */

/* Begin PBXResourcesBuildPhase section */
		F2DE032E15AB7F5D0057BCB7 /* Resources */ = {
			isa = PBXResourcesBuildPhase;
			buildActionMask = 2147483647;
			files = (
				F2DE033F15AB7F5D0057BCB7 /* InfoPlist.strings in Resources */,
				F2DE034B15AB7F5D0057BCB7 /* ViewController.xib in Resources */,
				F2DE035215AB82B50057BCB7 /* hubble.png in Resources */,
				1AF6E05D16E7B41A009E6C93 /* Default-568h@2x.png in Resources */,
			);
			runOnlyForDeploymentPostprocessing = 0;
		};
/* End PBXResourcesBuildPhase section */

/* Begin PBXSourcesBuildPhase section */
		F2DE032C15AB7F5D0057BCB7 /* Sources */ = {
			isa = PBXSourcesBuildPhase;
			buildActionMask = 2147483647;
			files = (
				F2DE034115AB7F5D0057BCB7 /* main.m in Sources */,
				F2DE034515AB7F5D0057BCB7 /* AppDelegate.m in Sources */,
				F2DE034815AB7F5D0057BCB7 /* ViewController.m in Sources */,
			);
			runOnlyForDeploymentPostprocessing = 0;
		};
/* End PBXSourcesBuildPhase section */

/* Begin PBXVariantGroup section */
		F2DE033D15AB7F5D0057BCB7 /* InfoPlist.strings */ = {
			isa = PBXVariantGroup;
			children = (
				F2DE033E15AB7F5D0057BCB7 /* en */,
			);
			name = InfoPlist.strings;
			sourceTree = "<group>";
		};
		F2DE034915AB7F5D0057BCB7 /* ViewController.xib */ = {
			isa = PBXVariantGroup;
			children = (
				F2DE034A15AB7F5D0057BCB7 /* en */,
			);
			name = ViewController.xib;
			sourceTree = "<group>";
		};
/* End PBXVariantGroup section */

/* Begin XCBuildConfiguration section */
		F2DE034C15AB7F5D0057BCB7 /* Debug */ = {
			isa = XCBuildConfiguration;
			buildSettings = {
				ALWAYS_SEARCH_USER_PATHS = NO;
				CLANG_CXX_LANGUAGE_STANDARD = "gnu++0x";
				CLANG_ENABLE_OBJC_ARC = YES;
				CLANG_WARN__DUPLICATE_METHOD_MATCH = YES;
				"CODE_SIGN_IDENTITY[sdk=iphoneos*]" = "iPhone Developer";
				COPY_PHASE_STRIP = NO;
				GCC_C_LANGUAGE_STANDARD = gnu99;
				GCC_DYNAMIC_NO_PIC = NO;
				GCC_OPTIMIZATION_LEVEL = 0;
				GCC_PREPROCESSOR_DEFINITIONS = (
					"DEBUG=1",
					"$(inherited)",
				);
				GCC_SYMBOLS_PRIVATE_EXTERN = NO;
				GCC_WARN_ABOUT_RETURN_TYPE = YES;
				GCC_WARN_UNINITIALIZED_AUTOS = YES;
				GCC_WARN_UNUSED_VARIABLE = YES;
				IPHONEOS_DEPLOYMENT_TARGET = 6.0;
				SDKROOT = iphoneos;
			};
			name = Debug;
		};
		F2DE034D15AB7F5D0057BCB7 /* Release */ = {
			isa = XCBuildConfiguration;
			buildSettings = {
				ALWAYS_SEARCH_USER_PATHS = NO;
				CLANG_CXX_LANGUAGE_STANDARD = "gnu++0x";
				CLANG_ENABLE_OBJC_ARC = YES;
				CLANG_WARN__DUPLICATE_METHOD_MATCH = YES;
				"CODE_SIGN_IDENTITY[sdk=iphoneos*]" = "iPhone Developer";
				COPY_PHASE_STRIP = YES;
				GCC_C_LANGUAGE_STANDARD = gnu99;
				GCC_WARN_ABOUT_RETURN_TYPE = YES;
				GCC_WARN_UNINITIALIZED_AUTOS = YES;
				GCC_WARN_UNUSED_VARIABLE = YES;
				IPHONEOS_DEPLOYMENT_TARGET = 6.0;
				OTHER_CFLAGS = "-DNS_BLOCK_ASSERTIONS=1";
				SDKROOT = iphoneos;
				VALIDATE_PRODUCT = YES;
			};
			name = Release;
		};
		F2DE034F15AB7F5D0057BCB7 /* Debug */ = {
			isa = XCBuildConfiguration;
			buildSettings = {
				GCC_PRECOMPILE_PREFIX_HEADER = YES;
				GCC_PREFIX_HEADER = "SingleUIImageProject/SingleUIImageProject-Prefix.pch";
				INFOPLIST_FILE = "SingleUIImageProject/SingleUIImageProject-Info.plist";
				PRODUCT_NAME = "$(TARGET_NAME)";
				WRAPPER_EXTENSION = app;
			};
			name = Debug;
		};
		F2DE035015AB7F5D0057BCB7 /* Release */ = {
			isa = XCBuildConfiguration;
			buildSettings = {
				GCC_PRECOMPILE_PREFIX_HEADER = YES;
				GCC_PREFIX_HEADER = "SingleUIImageProject/SingleUIImageProject-Prefix.pch";
				INFOPLIST_FILE = "SingleUIImageProject/SingleUIImageProject-Info.plist";
				PRODUCT_NAME = "$(TARGET_NAME)";
				WRAPPER_EXTENSION = app;
			};
			name = Release;
		};
/* End XCBuildConfiguration section */

/* Begin XCConfigurationList section */
		F2DE032A15AB7F5D0057BCB7 /* Build configuration list for PBXProject "SingleUIImageProject" */ = {
			isa = XCConfigurationList;
			buildConfigurations = (
				F2DE034C15AB7F5D0057BCB7 /* Debug */,
				F2DE034D15AB7F5D0057BCB7 /* Release */,
			);
			defaultConfigurationIsVisible = 0;
			defaultConfigurationName = Release;
		};
		F2DE034E15AB7F5D0057BCB7 /* Build configuration list for PBXNativeTarget "SingleUIImageProject" */ = {
			isa = XCConfigurationList;
			buildConfigurations = (
				F2DE034F15AB7F5D0057BCB7 /* Debug */,
				F2DE035015AB7F5D0057BCB7 /* Release */,
			);
			defaultConfigurationIsVisible = 0;
			defaultConfigurationName = Release;
		};
/* End XCConfigurationList section */
	};
	rootObject = F2DE032715AB7F5D0057BCB7 /* Project object */;
}
